
Microsoft Visual Studio Solution File, Format Version 12.00
# Visual Studio Version 17
VisualStudioVersion = 17.1.32210.238
MinimumVisualStudioVersion = 10.0.40219.1
Project("{FAE04EC0-301F-11D3-BF4B-00C04F79EFBC}") = "Sorting", "Sorting\Sorting.csproj", "{EA973002-1B18-446A-846A-372184641B0A}"
EndProject
Project("{FAE04EC0-301F-11D3-BF4B-00C04F79EFBC}") = "SortingTests", "SortingTests\SortingTests.csproj", "{4C1C8A67-0A8B-4833-A75F-A8C004F70E08}"
EndProject
Global
	GlobalSection(SolutionConfigurationPlatforms) = preSolution
		Debug|Any CPU = Debug|Any CPU
		Release|Any CPU = Release|Any CPU
	EndGlobalSection
	GlobalSection(ProjectConfigurationPlatforms) = postSolution
		{EA973002-1B18-446A-846A-372184641B0A}.Debug|Any CPU.ActiveCfg = Debug|Any CPU
		{EA973002-1B18-446A-846A-372184641B0A}.Debug|Any CPU.Build.0 = Debug|Any CPU
		{EA973002-1B18-446A-846A-372184641B0A}.Release|Any CPU.ActiveCfg = Release|Any CPU
		{EA973002-1B18-446A-846A-372184641B0A}.Release|Any CPU.Build.0 = Release|Any CPU
		{4C1C8A67-0A8B-4833-A75F-A8C004F70E08}.Debug|Any CPU.ActiveCfg = Debug|Any CPU
		{4C1C8A67-0A8B-4833-A75F-A8C004F70E08}.Debug|Any CPU.Build.0 = Debug|Any CPU
		{4C1C8A67-0A8B-4833-A75F-A8C004F70E08}.Release|Any CPU.ActiveCfg = Release|Any CPU
		{4C1C8A67-0A8B-4833-A75F-A8C004F70E08}.Release|Any CPU.Build.0 = Release|Any CPU
	EndGlobalSection
	GlobalSection(SolutionProperties) = preSolution
		HideSolutionNode = FALSE
	EndGlobalSection
	GlobalSection(ExtensibilityGlobals) = postSolution
		SolutionGuid = {727AB481-C9A6-4C30-BAAF-4331B25BF9BA}
	EndGlobalSection
EndGlobal
